
Microsoft Visual Studio Solution File, Format Version 12.00
# Visual Studio Version 16
VisualStudioVersion = 16.0.32228.343
MinimumVisualStudioVersion = 10.0.40219.1
Project("{FAE04EC0-301F-11D3-BF4B-00C04F79EFBC}") = "PracticaFills", "PracticaFills\PracticaFills.csproj", "{D950E08E-E071-434F-8E0B-ABAB03A69BE8}"
EndProject
Global
	GlobalSection(SolutionConfigurationPlatforms) = preSolution
		Debug|Any CPU = Debug|Any CPU
		Release|Any CPU = Release|Any CPU
	EndGlobalSection
	GlobalSection(ProjectConfigurationPlatforms) = postSolution
		{D950E08E-E071-434F-8E0B-ABAB03A69BE8}.Debug|Any CPU.ActiveCfg = Debug|Any CPU
		{D950E08E-E071-434F-8E0B-ABAB03A69BE8}.Debug|Any CPU.Build.0 = Debug|Any CPU
		{D950E08E-E071-434F-8E0B-ABAB03A69BE8}.Release|Any CPU.ActiveCfg = Release|Any CPU
		{D950E08E-E071-434F-8E0B-ABAB03A69BE8}.Release|Any CPU.Build.0 = Release|Any CPU
	EndGlobalSection
	GlobalSection(SolutionProperties) = preSolution
		HideSolutionNode = FALSE
	EndGlobalSection
	GlobalSection(ExtensibilityGlobals) = postSolution
		SolutionGuid = {80069B75-FD9F-460C-85BE-EB144E5C840D}
	EndGlobalSection
EndGlobal
